
Microsoft Visual Studio Solution File, Format Version 12.00
# Visual Studio Version 17
VisualStudioVersion = 17.12.35527.113
MinimumVisualStudioVersion = 10.0.40219.1
Project("{FAE04EC0-301F-11D3-BF4B-00C04F79EFBC}") = "Demo.Web", "Demo.Web\Demo.Web.csproj", "{594F39E8-FE05-4AD1-88EB-1177CDED7215}"
EndProject
Global
	GlobalSection(SolutionConfigurationPlatforms) = preSolution
		Debug|Any CPU = Debug|Any CPU
		Release|Any CPU = Release|Any CPU
	EndGlobalSection
	GlobalSection(ProjectConfigurationPlatforms) = postSolution
		{594F39E8-FE05-4AD1-88EB-1177CDED7215}.Debug|Any CPU.ActiveCfg = Debug|Any CPU
		{594F39E8-FE05-4AD1-88EB-1177CDED7215}.Debug|Any CPU.Build.0 = Debug|Any CPU
		{594F39E8-FE05-4AD1-88EB-1177CDED7215}.Release|Any CPU.ActiveCfg = Release|Any CPU
		{594F39E8-FE05-4AD1-88EB-1177CDED7215}.Release|Any CPU.Build.0 = Release|Any CPU
	EndGlobalSection
	GlobalSection(SolutionProperties) = preSolution
		HideSolutionNode = FALSE
	EndGlobalSection
EndGlobal
